dependencies:
- name: kube-prometheus-stack
  repository: file://subcharts/kube-prometheus-stack
  version: 18.0.5
- name: common
  repository: file://subcharts/common/
  version: 1.10.1
- name: fluentd
  repository: file://subcharts/fluentd
  version: 4.4.1
- name: keycloak
  repository: file://subcharts/keycloak
  version: 15.0.2
- name: base
  repository: file://subcharts/base
  version: 1.12.0-beta.2
- name: istiod
  repository: file://subcharts/istiod
  version: 1.12.0-beta.2
- name: istio-ingress
  repository: file://subcharts/istio-ingress
  version: 1.0.0
- name: istio-egress
  repository: file://subcharts/istio-egress
  version: 1.0.0
digest: sha256:79f57fe77a87116e0e79aaaed72d333b8fe856fd5836b8ee08870a85a16f4cd5
generated: "2021-11-18T15:16:39.463991+05:30"
