dependencies:
- name: kube-prometheus-stack
  repository: file://subcharts/kube-prometheus-stack
  version: 18.0.5
- name: common
  repository: file://subcharts/common/
  version: 1.10.1
- name: fluentd
  repository: file://subcharts/fluentd
  version: 4.4.1
- name: keycloak
  repository: file://subcharts/keycloak
  version: 15.0.2
digest: sha256:6ad2f49681a4da605c4672027defc92e4294853191a765c392b11a4366b95446
generated: "2021-11-18T15:08:21.455927+05:30"
