dependencies:
- name: kube-prometheus-stack
  repository: file://subcharts/kube-prometheus-stack
  version: 18.0.5
- name: elasticsearch
  repository: file://subcharts/elasticsearch
  version: 8.0.0-SNAPSHOT
digest: sha256:0908cbf7d87d3dd51f531162a800684efa4aa024afaf505906460a22d407404c
generated: "2021-11-17T12:54:01.393979+05:30"
